
Microsoft Visual Studio Solution File, Format Version 12.00
# Visual Studio Version 16
VisualStudioVersion = 16.0.30001.183
MinimumVisualStudioVersion = 10.0.40219.1
Project("{9A19103F-16F7-4668-BE54-9A1E7A4F7556}") = "WooliesX.Challenge.Api", "WooliesX.Challenge.Api\WooliesX.Challenge.Api.csproj", "{7C4A3F86-F40F-48F9-BCBD-DEA13DD00C75}"
EndProject
Project("{FAE04EC0-301F-11D3-BF4B-00C04F79EFBC}") = "WooliesX.Challenge.IntegrationTests", "WooliesX.Challenge.IntegrationTests\WooliesX.Challenge.IntegrationTests.csproj", "{F8917947-B81F-496F-9AC4-4360456A06AB}"
EndProject
Project("{FAE04EC0-301F-11D3-BF4B-00C04F79EFBC}") = "WooliesX.Challenge.UnitTests", "WooliesX.Challenge.UnitTests\WooliesX.Challenge.UnitTests.csproj", "{BF898079-6FE7-4312-AACC-18A554B93B84}"
EndProject
Global
	GlobalSection(SolutionConfigurationPlatforms) = preSolution
		Debug|Any CPU = Debug|Any CPU
		Release|Any CPU = Release|Any CPU
	EndGlobalSection
	GlobalSection(ProjectConfigurationPlatforms) = postSolution
		{7C4A3F86-F40F-48F9-BCBD-DEA13DD00C75}.Debug|Any CPU.ActiveCfg = Debug|Any CPU
		{7C4A3F86-F40F-48F9-BCBD-DEA13DD00C75}.Debug|Any CPU.Build.0 = Debug|Any CPU
		{7C4A3F86-F40F-48F9-BCBD-DEA13DD00C75}.Release|Any CPU.ActiveCfg = Release|Any CPU
		{7C4A3F86-F40F-48F9-BCBD-DEA13DD00C75}.Release|Any CPU.Build.0 = Release|Any CPU
		{F8917947-B81F-496F-9AC4-4360456A06AB}.Debug|Any CPU.ActiveCfg = Debug|Any CPU
		{F8917947-B81F-496F-9AC4-4360456A06AB}.Debug|Any CPU.Build.0 = Debug|Any CPU
		{F8917947-B81F-496F-9AC4-4360456A06AB}.Release|Any CPU.ActiveCfg = Release|Any CPU
		{F8917947-B81F-496F-9AC4-4360456A06AB}.Release|Any CPU.Build.0 = Release|Any CPU
		{BF898079-6FE7-4312-AACC-18A554B93B84}.Debug|Any CPU.ActiveCfg = Debug|Any CPU
		{BF898079-6FE7-4312-AACC-18A554B93B84}.Debug|Any CPU.Build.0 = Debug|Any CPU
		{BF898079-6FE7-4312-AACC-18A554B93B84}.Release|Any CPU.ActiveCfg = Release|Any CPU
		{BF898079-6FE7-4312-AACC-18A554B93B84}.Release|Any CPU.Build.0 = Release|Any CPU
	EndGlobalSection
	GlobalSection(SolutionProperties) = preSolution
		HideSolutionNode = FALSE
	EndGlobalSection
	GlobalSection(ExtensibilityGlobals) = postSolution
		SolutionGuid = {5F01FF19-4169-4F57-BF1B-B82CF69D8F29}
	EndGlobalSection
EndGlobal
